
Microsoft Visual Studio Solution File, Format Version 12.00
Project("{FAE04EC0-301F-11D3-BF4B-00C04F79EFBC}") = "AsyncSemaphore", "AsyncSemaphore\AsyncSemaphore.csproj", "{3CA4B800-A00B-4A89-94ED-7645BE8B4123}"
EndProject
Project("{FAE04EC0-301F-11D3-BF4B-00C04F79EFBC}") = "AsyncSemaphore.UnitTests", "AsyncSemaphore.UnitTests\AsyncSemaphore.UnitTests.csproj", "{C1AE07EC-E589-4615-82C3-0F833D1BA57E}"
EndProject
Project("{FAE04EC0-301F-11D3-BF4B-00C04F79EFBC}") = "AsyncSemaphore.Pipeline", "AsyncSemaphore.Pipeline\AsyncSemaphore.Pipeline.csproj", "{482D3647-8ECE-459B-9B9C-CC10F94D22ED}"
EndProject
Project("{FAE04EC0-301F-11D3-BF4B-00C04F79EFBC}") = "AsyncSemaphore.Analyzers", "AsyncSemaphore.Analyzers\AsyncSemaphore.Analyzers\AsyncSemaphore.Analyzers.csproj", "{0B9E2544-85BD-4BD8-A6E0-509EF8A1812A}"
EndProject
Project("{FAE04EC0-301F-11D3-BF4B-00C04F79EFBC}") = "AsyncSemaphore.Analyzers.Tests", "AsyncSemaphore.Analyzers\AsyncSemaphore.Analyzers.Tests\AsyncSemaphore.Analyzers.Tests.csproj", "{9A4DA842-8896-485A-A6DC-9A56D2A46E89}"
EndProject
Project("{FAE04EC0-301F-11D3-BF4B-00C04F79EFBC}") = "AsyncSemaphore.Benchmark", "AsyncSemaphore.Benchmark\AsyncSemaphore.Benchmark.csproj", "{F8AC3ADD-4193-431D-853C-510CD061B1E5}"
EndProject
Global
	GlobalSection(SolutionConfigurationPlatforms) = preSolution
		Debug|Any CPU = Debug|Any CPU
		Release|Any CPU = Release|Any CPU
	EndGlobalSection
	GlobalSection(ProjectConfigurationPlatforms) = postSolution
		{3CA4B800-A00B-4A89-94ED-7645BE8B4123}.Debug|Any CPU.ActiveCfg = Debug|Any CPU
		{3CA4B800-A00B-4A89-94ED-7645BE8B4123}.Debug|Any CPU.Build.0 = Debug|Any CPU
		{3CA4B800-A00B-4A89-94ED-7645BE8B4123}.Release|Any CPU.ActiveCfg = Release|Any CPU
		{3CA4B800-A00B-4A89-94ED-7645BE8B4123}.Release|Any CPU.Build.0 = Release|Any CPU
		{C1AE07EC-E589-4615-82C3-0F833D1BA57E}.Debug|Any CPU.ActiveCfg = Debug|Any CPU
		{C1AE07EC-E589-4615-82C3-0F833D1BA57E}.Debug|Any CPU.Build.0 = Debug|Any CPU
		{C1AE07EC-E589-4615-82C3-0F833D1BA57E}.Release|Any CPU.ActiveCfg = Release|Any CPU
		{C1AE07EC-E589-4615-82C3-0F833D1BA57E}.Release|Any CPU.Build.0 = Release|Any CPU
		{482D3647-8ECE-459B-9B9C-CC10F94D22ED}.Debug|Any CPU.ActiveCfg = Debug|Any CPU
		{482D3647-8ECE-459B-9B9C-CC10F94D22ED}.Debug|Any CPU.Build.0 = Debug|Any CPU
		{482D3647-8ECE-459B-9B9C-CC10F94D22ED}.Release|Any CPU.ActiveCfg = Release|Any CPU
		{482D3647-8ECE-459B-9B9C-CC10F94D22ED}.Release|Any CPU.Build.0 = Release|Any CPU
		{0B9E2544-85BD-4BD8-A6E0-509EF8A1812A}.Debug|Any CPU.ActiveCfg = Debug|Any CPU
		{0B9E2544-85BD-4BD8-A6E0-509EF8A1812A}.Debug|Any CPU.Build.0 = Debug|Any CPU
		{0B9E2544-85BD-4BD8-A6E0-509EF8A1812A}.Release|Any CPU.ActiveCfg = Release|Any CPU
		{0B9E2544-85BD-4BD8-A6E0-509EF8A1812A}.Release|Any CPU.Build.0 = Release|Any CPU
		{9A4DA842-8896-485A-A6DC-9A56D2A46E89}.Debug|Any CPU.ActiveCfg = Debug|Any CPU
		{9A4DA842-8896-485A-A6DC-9A56D2A46E89}.Debug|Any CPU.Build.0 = Debug|Any CPU
		{9A4DA842-8896-485A-A6DC-9A56D2A46E89}.Release|Any CPU.ActiveCfg = Release|Any CPU
		{9A4DA842-8896-485A-A6DC-9A56D2A46E89}.Release|Any CPU.Build.0 = Release|Any CPU
		{F8AC3ADD-4193-431D-853C-510CD061B1E5}.Debug|Any CPU.ActiveCfg = Debug|Any CPU
		{F8AC3ADD-4193-431D-853C-510CD061B1E5}.Debug|Any CPU.Build.0 = Debug|Any CPU
		{F8AC3ADD-4193-431D-853C-510CD061B1E5}.Release|Any CPU.ActiveCfg = Release|Any CPU
		{F8AC3ADD-4193-431D-853C-510CD061B1E5}.Release|Any CPU.Build.0 = Release|Any CPU
	EndGlobalSection
EndGlobal
